<?xml version="1.0" encoding="utf-8"?>
<Project ToolsVersion="4.0" xmlns="http://schemas.microsoft.com/developer/msbuild/2003">
  <ItemGroup>
    <Filter Include="Source Files">
      <UniqueIdentifier>{4FC737F1-C7A5-4376-A066-2A32D752A2FF}</UniqueIdentifier>
      <Extensions>cpp;c;cc;cxx;def;odl;idl;hpj;bat;asm;asmx</Extensions>
    </Filter>
    <Filter Include="Header Files">
      <UniqueIdentifier>{93995380-89BD-4b04-88EB-625FBE52EBFB}</UniqueIdentifier>
      <Extensions>h;hh;hpp;hxx;hm;inl;inc;xsd</Extensions>
    </Filter>
    <Filter Include="Resource Files">
      <UniqueIdentifier>{67DA6AB6-F800-4c08-8B7A-83BB121AAD01}</UniqueIdentifier>
      <Extensions>rc;ico;cur;bmp;dlg;rc2;rct;bin;rgs;gif;jpg;jpeg;jpe;resx;tiff;tif;png;wav</Extensions>
    </Filter>
  </ItemGroup>
  <ItemGroup>
    <ClCompile Include="rose\actor.cpp">
      <Filter>Source Files</Filter>
    </ClCompile>
    <ClCompile Include="rose\attacker.cpp">
      <Filter>Source Files</Filter>
    </ClCompile>
    <ClCompile Include="rose\CharacterStats.cpp">
      <Filter>Source Files</Filter>
    </ClCompile>
    <ClCompile Include="rose\Cowboy.cpp">
      <Filter>Source Files</Filter>
    </ClCompile>
    <ClCompile Include="rose\Enemy.cpp">
      <Filter>Source Files</Filter>
    </ClCompile>
    <ClCompile Include="rose\game.cpp">
      <Filter>Source Files</Filter>
    </ClCompile>
    <ClCompile Include="rose\link.cpp">
      <Filter>Source Files</Filter>
    </ClCompile>
    <ClCompile Include="rose\log.cpp">
      <Filter>Source Files</Filter>
    </ClCompile>
    <ClCompile Include="rose\main.cpp">
      <Filter>Source Files</Filter>
    </ClCompile>
    <ClCompile Include="rose\MainCharacter.cpp">
      <Filter>Source Files</Filter>
    </ClCompile>
    <ClCompile Include="rose\MainCharacterTextures.cpp">
      <Filter>Source Files</Filter>
    </ClCompile>
    <ClCompile Include="rose\map.cpp">
      <Filter>Source Files</Filter>
    </ClCompile>
    <ClCompile Include="rose\Skeleton.cpp">
      <Filter>Source Files</Filter>
    </ClCompile>
    <ClCompile Include="rose\tile.cpp">
      <Filter>Source Files</Filter>
    </ClCompile>
  </ItemGroup>
  <ItemGroup>
    <ClInclude Include="rose\actor.h">
      <Filter>Header Files</Filter>
    </ClInclude>
    <ClInclude Include="rose\attacker.h">
      <Filter>Header Files</Filter>
    </ClInclude>
    <ClInclude Include="rose\CharacterStats.h">
      <Filter>Header Files</Filter>
    </ClInclude>
    <ClInclude Include="rose\ChaseUser.h">
      <Filter>Header Files</Filter>
    </ClInclude>
    <ClInclude Include="rose\Cowboy.h">
      <Filter>Header Files</Filter>
    </ClInclude>
    <ClInclude Include="rose\Enemy.h">
      <Filter>Header Files</Filter>
    </ClInclude>
    <ClInclude Include="rose\game.h">
      <Filter>Header Files</Filter>
    </ClInclude>
    <ClInclude Include="rose\link.h">
      <Filter>Header Files</Filter>
    </ClInclude>
    <ClInclude Include="rose\log.h">
      <Filter>Header Files</Filter>
    </ClInclude>
    <ClInclude Include="rose\MainCharacter.h">
      <Filter>Header Files</Filter>
    </ClInclude>
    <ClInclude Include="rose\MainCharacterTextures.h">
      <Filter>Header Files</Filter>
    </ClInclude>
    <ClInclude Include="rose\map.h">
      <Filter>Header Files</Filter>
    </ClInclude>
    <ClInclude Include="rose\Math.h">
      <Filter>Header Files</Filter>
    </ClInclude>
    <ClInclude Include="rose\Skeleton.h">
      <Filter>Header Files</Filter>
    </ClInclude>
    <ClInclude Include="rose\StateOfCharacter.h">
      <Filter>Header Files</Filter>
    </ClInclude>
    <ClInclude Include="rose\tile.h">
      <Filter>Header Files</Filter>
    </ClInclude>
  </ItemGroup>
  <ItemGroup>
    <Image Include="rose\warrior spritesheet calciumtrice.png">
      <Filter>Resource Files</Filter>
    </Image>
    <Image Include="rose\assets\18thCenturyAssets.png">
      <Filter>Resource Files</Filter>
    </Image>
    <Image Include="rose\assets\link.png">
      <Filter>Resource Files</Filter>
    </Image>
    <Image Include="rose\assets\link2.png">
      <Filter>Resource Files</Filter>
    </Image>
    <Image Include="rose\assets\skeletonSpriteSheet.png">
      <Filter>Resource Files</Filter>
    </Image>
    <Image Include="rose\assets\title_screen\background.jpg">
      <Filter>Resource Files</Filter>
    </Image>
    <Image Include="rose\assets\title_screen\rose-rpg-main-screen.png">
      <Filter>Resource Files</Filter>
    </Image>
    <Image Include="assets\rpg_pack\tiles\generic-rpg-tile02.png">
      <Filter>Resource Files</Filter>
    </Image>
    <Image Include="assets\rpg_pack\tiles\generic-rpg-tile01.png">
      <Filter>Resource Files</Filter>
    </Image>
  </ItemGroup>
</Project>