<?xml version="1.0" encoding="utf-8"?>
<Project ToolsVersion="4.0" xmlns="http://schemas.microsoft.com/developer/msbuild/2003">
  <ItemGroup>
    <ClCompile Include="actor.cpp" />
    <ClCompile Include="CharacterStats.cpp" />
    <ClCompile Include="Cowboy.cpp" />
    <ClCompile Include="link.cpp" />
    <ClCompile Include="main.cpp" />
    <ClCompile Include="MainCharacter.cpp" />
    <ClCompile Include="Skeleton.cpp" />
    <ClCompile Include="tile.cpp" />
    <ClCompile Include="Enemy.cpp" />
    <ClCompile Include="map.cpp" />
    <ClCompile Include="MainCharacterTextures.cpp" />
    <ClCompile Include="attacker.cpp" />
    <ClCompile Include="log.cpp" />
  </ItemGroup>
  <ItemGroup>
    <ClInclude Include="actor.h" />
    <ClInclude Include="CharacterStats.h" />
    <ClInclude Include="ChaseUser.h" />
    <ClInclude Include="Cowboy.h" />
    <ClInclude Include="link.h" />
    <ClInclude Include="MainCharacter.h" />
    <ClInclude Include="Math.h" />
    <ClInclude Include="Skeleton.h" />
    <ClInclude Include="StateOfCharacter.h" />
    <ClInclude Include="tile.h" />
    <ClInclude Include="Enemy.h" />
    <ClInclude Include="map.h" />
    <ClInclude Include="MainCharacterTextures.h" />
    <ClInclude Include="attacker.h" />
    <ClInclude Include="log.h" />
  </ItemGroup>
  <ItemGroup>
    <Image Include="warrior spritesheet calciumtrice.png" />
  </ItemGroup>
  <ItemGroup>
    <Object Include="Debug\actor.obj" />
    <Object Include="Debug\attacker.obj" />
    <Object Include="Debug\CharacterStats.obj" />
    <Object Include="Debug\Cowboy.obj" />
    <Object Include="Debug\Enemy.obj" />
    <Object Include="Debug\link.obj" />
    <Object Include="Debug\log.obj" />
    <Object Include="Debug\main.obj" />
    <Object Include="Debug\MainCharacter.obj" />
    <Object Include="Debug\MainCharacterTextures.obj" />
    <Object Include="Debug\map.obj" />
    <Object Include="Debug\Skeleton.obj" />
    <Object Include="Debug\tile.obj" />
  </ItemGroup>
  <ItemGroup>
    <None Include="Debug\vc141.idb" />
    <None Include="Debug\vc141.pdb" />
    <None Include="Debug\rose.tlog\rose.lastbuildstate" />
    <None Include="Debug\rose.tlog\link.write.1.tlog" />
    <None Include="Debug\rose.tlog\CL.command.1.tlog" />
    <None Include="Debug\rose.tlog\CL.read.1.tlog" />
    <None Include="Debug\rose.tlog\CL.write.1.tlog" />
    <None Include="Debug\rose.tlog\link.command.1.tlog" />
    <None Include="Debug\rose.tlog\link.read.1.tlog" />
  </ItemGroup>
  <ItemGroup>
    <Text Include="Debug\rose.Build.CppClean.log" />
    <Text Include="Debug\rose.log" />
  </ItemGroup>
</Project>